// !$*UTF8*$!
{
	archiveVersion = 1;
	classes = {
	};
	objectVersion = 56;
	objects = {

/* Begin PBXBuildFile section */
		C575B9862C4C274B00BC1AE5 /* AppDelegate.swift in Sources */ = {isa = PBXBuildFile; fileRef = C575B9852C4C274B00BC1AE5 /* AppDelegate.swift */; };
		C575B9882C4C274B00BC1AE5 /* SceneDelegate.swift in Sources */ = {isa = PBXBuildFile; fileRef = C575B9872C4C274B00BC1AE5 /* SceneDelegate.swift */; };
		C575B98F2C4C274C00BC1AE5 /* Assets.xcassets in Resources */ = {isa = PBXBuildFile; fileRef = C575B98E2C4C274C00BC1AE5 /* Assets.xcassets */; };
		C575B9922C4C274C00BC1AE5 /* Base in Resources */ = {isa = PBXBuildFile; fileRef = C575B9912C4C274C00BC1AE5 /* Base */; };
		C575B99D2C4C274C00BC1AE5 /* ShowTimeTests.swift in Sources */ = {isa = PBXBuildFile; fileRef = C575B99C2C4C274C00BC1AE5 /* ShowTimeTests.swift */; };
		C575B9A72C4C274C00BC1AE5 /* ShowTimeUITests.swift in Sources */ = {isa = PBXBuildFile; fileRef = C575B9A62C4C274C00BC1AE5 /* ShowTimeUITests.swift */; };
		C575B9A92C4C274C00BC1AE5 /* ShowTimeUITestsLaunchTests.swift in Sources */ = {isa = PBXBuildFile; fileRef = C575B9A82C4C274C00BC1AE5 /* ShowTimeUITestsLaunchTests.swift */; };
		C575B9BC2C4CD43B00BC1AE5 /* HomeView.swift in Sources */ = {isa = PBXBuildFile; fileRef = C575B9BB2C4CD43B00BC1AE5 /* HomeView.swift */; };
		C575B9BF2C4CD45900BC1AE5 /* HomeViewModel.swift in Sources */ = {isa = PBXBuildFile; fileRef = C575B9BE2C4CD45900BC1AE5 /* HomeViewModel.swift */; };
		C575B9C02C4CD45F00BC1AE5 /* HomeViewModel.swift in Sources */ = {isa = PBXBuildFile; fileRef = C575B9BE2C4CD45900BC1AE5 /* HomeViewModel.swift */; };
		C575B9C52C4D845E00BC1AE5 /* HomeViewCoordinator.swift in Sources */ = {isa = PBXBuildFile; fileRef = C575B9C42C4D845E00BC1AE5 /* HomeViewCoordinator.swift */; };
		C575B9C72C4D847200BC1AE5 /* HomeViewFactoryImplementation.swift in Sources */ = {isa = PBXBuildFile; fileRef = C575B9C62C4D847200BC1AE5 /* HomeViewFactoryImplementation.swift */; };
		C575B9CB2C4D949F00BC1AE5 /* HomeModel.swift in Sources */ = {isa = PBXBuildFile; fileRef = C575B9CA2C4D949F00BC1AE5 /* HomeModel.swift */; };
		C575B9D32C4D98E100BC1AE5 /* MovieCell.swift in Sources */ = {isa = PBXBuildFile; fileRef = C575B9D22C4D98E100BC1AE5 /* MovieCell.swift */; };
		C575B9D92C4D9B6900BC1AE5 /* HomeMovieRepositoryImp.swift in Sources */ = {isa = PBXBuildFile; fileRef = C575B9D82C4D9B6900BC1AE5 /* HomeMovieRepositoryImp.swift */; };
		C575B9DB2C4D9BCF00BC1AE5 /* HomeMovieRepository.swift in Sources */ = {isa = PBXBuildFile; fileRef = C575B9DA2C4D9BCF00BC1AE5 /* HomeMovieRepository.swift */; };
		C575B9DD2C4D9C9500BC1AE5 /* HomeMovieUseCase.swift in Sources */ = {isa = PBXBuildFile; fileRef = C575B9DC2C4D9C9500BC1AE5 /* HomeMovieUseCase.swift */; };
		C575B9E12C4DA73000BC1AE5 /* DetailMovieView.swift in Sources */ = {isa = PBXBuildFile; fileRef = C575B9E02C4DA73000BC1AE5 /* DetailMovieView.swift */; };
		C575B9E52C4DA75B00BC1AE5 /* DetailMovieViewModel.swift in Sources */ = {isa = PBXBuildFile; fileRef = C575B9E42C4DA75B00BC1AE5 /* DetailMovieViewModel.swift */; };
		C575B9E72C4DAA1800BC1AE5 /* ImageCache.swift in Sources */ = {isa = PBXBuildFile; fileRef = C575B9E62C4DAA1800BC1AE5 /* ImageCache.swift */; };
		C575B9EB2C4DB1C300BC1AE5 /* DetailMovieFactoryImp.swift in Sources */ = {isa = PBXBuildFile; fileRef = C575B9EA2C4DB1C300BC1AE5 /* DetailMovieFactoryImp.swift */; };
		C575B9ED2C4DB23000BC1AE5 /* DetailMovieCoordinator.swift in Sources */ = {isa = PBXBuildFile; fileRef = C575B9EC2C4DB23000BC1AE5 /* DetailMovieCoordinator.swift */; };
		C575B9EF2C4DCD3600BC1AE5 /* Config.plist in Resources */ = {isa = PBXBuildFile; fileRef = C575B9EE2C4DCD3600BC1AE5 /* Config.plist */; };
		C575B9F12C4DCEE300BC1AE5 /* Config.swift in Sources */ = {isa = PBXBuildFile; fileRef = C575B9F02C4DCEE300BC1AE5 /* Config.swift */; };
		C5CF17A52C4DE0400043446A /* ShowTimeMainTabBarView.swift in Sources */ = {isa = PBXBuildFile; fileRef = C5CF17A42C4DE0400043446A /* ShowTimeMainTabBarView.swift */; };
		C5CF17A82C4DE0900043446A /* ShowTimeMainTabBarViewModel.swift in Sources */ = {isa = PBXBuildFile; fileRef = C5CF17A72C4DE0900043446A /* ShowTimeMainTabBarViewModel.swift */; };
		C5CF17B32C4E1D870043446A /* ShowTimeMainTabBarViewControllerFactory.swift in Sources */ = {isa = PBXBuildFile; fileRef = C5CF17B22C4E1D870043446A /* ShowTimeMainTabBarViewControllerFactory.swift */; };
		C5CF17B52C4E1D9F0043446A /* ShowTimeMainTabBarViewCoordinator.swift in Sources */ = {isa = PBXBuildFile; fileRef = C5CF17B42C4E1D9F0043446A /* ShowTimeMainTabBarViewCoordinator.swift */; };
		C5CF17BA2C4E2BED0043446A /* MovieModel.xcdatamodeld in Sources */ = {isa = PBXBuildFile; fileRef = C5CF17B82C4E2BED0043446A /* MovieModel.xcdatamodeld */; };
		C5CF17BC2C4E2D470043446A /* CoreDataManager.swift in Sources */ = {isa = PBXBuildFile; fileRef = C5CF17BB2C4E2D470043446A /* CoreDataManager.swift */; };
		C5CF17C32C4E2F270043446A /* WatchListView.swift in Sources */ = {isa = PBXBuildFile; fileRef = C5CF17C22C4E2F270043446A /* WatchListView.swift */; };
		C5CF17C52C4E2F380043446A /* WatchListViewModel.swift in Sources */ = {isa = PBXBuildFile; fileRef = C5CF17C42C4E2F380043446A /* WatchListViewModel.swift */; };
		C5CF17C82C4E2FC30043446A /* WatchListCell.swift in Sources */ = {isa = PBXBuildFile; fileRef = C5CF17C72C4E2FC30043446A /* WatchListCell.swift */; };
		C5CF17CB2C4E30300043446A /* FavoriteMovieRepositoryImpl.swift in Sources */ = {isa = PBXBuildFile; fileRef = C5CF17CA2C4E30300043446A /* FavoriteMovieRepositoryImpl.swift */; };
		C5CF17CD2C4F00B10043446A /* HomeViewModelTests.swift in Sources */ = {isa = PBXBuildFile; fileRef = C5CF17CC2C4F00B10043446A /* HomeViewModelTests.swift */; };
		C5CF17CF2C4F010F0043446A /* HomeViewControllerTests.swift in Sources */ = {isa = PBXBuildFile; fileRef = C5CF17CE2C4F010F0043446A /* HomeViewControllerTests.swift */; };
		C5CF17D12C4F01630043446A /* HomeViewUITests.swift in Sources */ = {isa = PBXBuildFile; fileRef = C5CF17D02C4F01630043446A /* HomeViewUITests.swift */; };
		C5CF17D32C4F01B20043446A /* HomeMovieRepositoryMock.swift in Sources */ = {isa = PBXBuildFile; fileRef = C5CF17D22C4F01B20043446A /* HomeMovieRepositoryMock.swift */; };
		C5CF17D52C4F02560043446A /* HomeViewCoordinatorMock.swift in Sources */ = {isa = PBXBuildFile; fileRef = C5CF17D42C4F02560043446A /* HomeViewCoordinatorMock.swift */; };
		C5CF17D72C4F03950043446A /* HomeViewControllerFactoryMock.swift in Sources */ = {isa = PBXBuildFile; fileRef = C5CF17D62C4F03950043446A /* HomeViewControllerFactoryMock.swift */; };
/* End PBXBuildFile section */

/* Begin PBXContainerItemProxy section */
		C575B9992C4C274C00BC1AE5 /* PBXContainerItemProxy */ = {
			isa = PBXContainerItemProxy;
			containerPortal = C575B97A2C4C274B00BC1AE5 /* Project object */;
			proxyType = 1;
			remoteGlobalIDString = C575B9812C4C274B00BC1AE5;
			remoteInfo = ShowTime;
		};
		C575B9A32C4C274C00BC1AE5 /* PBXContainerItemProxy */ = {
			isa = PBXContainerItemProxy;
			containerPortal = C575B97A2C4C274B00BC1AE5 /* Project object */;
			proxyType = 1;
			remoteGlobalIDString = C575B9812C4C274B00BC1AE5;
			remoteInfo = ShowTime;
		};
/* End PBXContainerItemProxy section */

/* Begin PBXFileReference section */
		C575B9822C4C274B00BC1AE5 /* ShowTime.app */ = {isa = PBXFileReference; explicitFileType = wrapper.application; includeInIndex = 0; path = ShowTime.app; sourceTree = BUILT_PRODUCTS_DIR; };
		C575B9852C4C274B00BC1AE5 /* AppDelegate.swift */ = {isa = PBXFileReference; lastKnownFileType = sourcecode.swift; path = AppDelegate.swift; sourceTree = "<group>"; };
		C575B9872C4C274B00BC1AE5 /* SceneDelegate.swift */ = {isa = PBXFileReference; lastKnownFileType = sourcecode.swift; path = SceneDelegate.swift; sourceTree = "<group>"; };
		C575B98E2C4C274C00BC1AE5 /* Assets.xcassets */ = {isa = PBXFileReference; lastKnownFileType = folder.assetcatalog; path = Assets.xcassets; sourceTree = "<group>"; };
		C575B9912C4C274C00BC1AE5 /* Base */ = {isa = PBXFileReference; lastKnownFileType = file.storyboard; name = Base; path = Base.lproj/LaunchScreen.storyboard; sourceTree = "<group>"; };
		C575B9932C4C274C00BC1AE5 /* Info.plist */ = {isa = PBXFileReference; lastKnownFileType = text.plist.xml; path = Info.plist; sourceTree = "<group>"; };
		C575B9982C4C274C00BC1AE5 /* ShowTimeTests.xctest */ = {isa = PBXFileReference; explicitFileType = wrapper.cfbundle; includeInIndex = 0; path = ShowTimeTests.xctest; sourceTree = BUILT_PRODUCTS_DIR; };
		C575B99C2C4C274C00BC1AE5 /* ShowTimeTests.swift */ = {isa = PBXFileReference; lastKnownFileType = sourcecode.swift; path = ShowTimeTests.swift; sourceTree = "<group>"; };
		C575B9A22C4C274C00BC1AE5 /* ShowTimeUITests.xctest */ = {isa = PBXFileReference; explicitFileType = wrapper.cfbundle; includeInIndex = 0; path = ShowTimeUITests.xctest; sourceTree = BUILT_PRODUCTS_DIR; };
		C575B9A62C4C274C00BC1AE5 /* ShowTimeUITests.swift */ = {isa = PBXFileReference; lastKnownFileType = sourcecode.swift; path = ShowTimeUITests.swift; sourceTree = "<group>"; };
		C575B9A82C4C274C00BC1AE5 /* ShowTimeUITestsLaunchTests.swift */ = {isa = PBXFileReference; lastKnownFileType = sourcecode.swift; path = ShowTimeUITestsLaunchTests.swift; sourceTree = "<group>"; };
		C575B9BB2C4CD43B00BC1AE5 /* HomeView.swift */ = {isa = PBXFileReference; lastKnownFileType = sourcecode.swift; path = HomeView.swift; sourceTree = "<group>"; };
		C575B9BE2C4CD45900BC1AE5 /* HomeViewModel.swift */ = {isa = PBXFileReference; lastKnownFileType = sourcecode.swift; path = HomeViewModel.swift; sourceTree = "<group>"; };
		C575B9C42C4D845E00BC1AE5 /* HomeViewCoordinator.swift */ = {isa = PBXFileReference; lastKnownFileType = sourcecode.swift; path = HomeViewCoordinator.swift; sourceTree = "<group>"; };
		C575B9C62C4D847200BC1AE5 /* HomeViewFactoryImplementation.swift */ = {isa = PBXFileReference; lastKnownFileType = sourcecode.swift; path = HomeViewFactoryImplementation.swift; sourceTree = "<group>"; };
		C575B9CA2C4D949F00BC1AE5 /* HomeModel.swift */ = {isa = PBXFileReference; lastKnownFileType = sourcecode.swift; path = HomeModel.swift; sourceTree = "<group>"; };
		C575B9D22C4D98E100BC1AE5 /* MovieCell.swift */ = {isa = PBXFileReference; lastKnownFileType = sourcecode.swift; path = MovieCell.swift; sourceTree = "<group>"; };
		C575B9D82C4D9B6900BC1AE5 /* HomeMovieRepositoryImp.swift */ = {isa = PBXFileReference; lastKnownFileType = sourcecode.swift; path = HomeMovieRepositoryImp.swift; sourceTree = "<group>"; };
		C575B9DA2C4D9BCF00BC1AE5 /* HomeMovieRepository.swift */ = {isa = PBXFileReference; lastKnownFileType = sourcecode.swift; path = HomeMovieRepository.swift; sourceTree = "<group>"; };
		C575B9DC2C4D9C9500BC1AE5 /* HomeMovieUseCase.swift */ = {isa = PBXFileReference; lastKnownFileType = sourcecode.swift; path = HomeMovieUseCase.swift; sourceTree = "<group>"; };
		C575B9E02C4DA73000BC1AE5 /* DetailMovieView.swift */ = {isa = PBXFileReference; lastKnownFileType = sourcecode.swift; path = DetailMovieView.swift; sourceTree = "<group>"; };
		C575B9E42C4DA75B00BC1AE5 /* DetailMovieViewModel.swift */ = {isa = PBXFileReference; lastKnownFileType = sourcecode.swift; path = DetailMovieViewModel.swift; sourceTree = "<group>"; };
		C575B9E62C4DAA1800BC1AE5 /* ImageCache.swift */ = {isa = PBXFileReference; lastKnownFileType = sourcecode.swift; path = ImageCache.swift; sourceTree = "<group>"; };
		C575B9EA2C4DB1C300BC1AE5 /* DetailMovieFactoryImp.swift */ = {isa = PBXFileReference; lastKnownFileType = sourcecode.swift; path = DetailMovieFactoryImp.swift; sourceTree = "<group>"; };
		C575B9EC2C4DB23000BC1AE5 /* DetailMovieCoordinator.swift */ = {isa = PBXFileReference; lastKnownFileType = sourcecode.swift; path = DetailMovieCoordinator.swift; sourceTree = "<group>"; };
		C575B9EE2C4DCD3600BC1AE5 /* Config.plist */ = {isa = PBXFileReference; lastKnownFileType = text.plist.xml; path = Config.plist; sourceTree = "<group>"; };
		C575B9F02C4DCEE300BC1AE5 /* Config.swift */ = {isa = PBXFileReference; lastKnownFileType = sourcecode.swift; path = Config.swift; sourceTree = "<group>"; };
		C5CF17A42C4DE0400043446A /* ShowTimeMainTabBarView.swift */ = {isa = PBXFileReference; lastKnownFileType = sourcecode.swift; path = ShowTimeMainTabBarView.swift; sourceTree = "<group>"; };
		C5CF17A72C4DE0900043446A /* ShowTimeMainTabBarViewModel.swift */ = {isa = PBXFileReference; lastKnownFileType = sourcecode.swift; path = ShowTimeMainTabBarViewModel.swift; sourceTree = "<group>"; };
		C5CF17B22C4E1D870043446A /* ShowTimeMainTabBarViewControllerFactory.swift */ = {isa = PBXFileReference; lastKnownFileType = sourcecode.swift; path = ShowTimeMainTabBarViewControllerFactory.swift; sourceTree = "<group>"; };
		C5CF17B42C4E1D9F0043446A /* ShowTimeMainTabBarViewCoordinator.swift */ = {isa = PBXFileReference; lastKnownFileType = sourcecode.swift; path = ShowTimeMainTabBarViewCoordinator.swift; sourceTree = "<group>"; };
		C5CF17B92C4E2BED0043446A /* MovieModel.xcdatamodel */ = {isa = PBXFileReference; lastKnownFileType = wrapper.xcdatamodel; path = MovieModel.xcdatamodel; sourceTree = "<group>"; };
		C5CF17BB2C4E2D470043446A /* CoreDataManager.swift */ = {isa = PBXFileReference; lastKnownFileType = sourcecode.swift; path = CoreDataManager.swift; sourceTree = "<group>"; };
		C5CF17C22C4E2F270043446A /* WatchListView.swift */ = {isa = PBXFileReference; lastKnownFileType = sourcecode.swift; path = WatchListView.swift; sourceTree = "<group>"; };
		C5CF17C42C4E2F380043446A /* WatchListViewModel.swift */ = {isa = PBXFileReference; lastKnownFileType = sourcecode.swift; path = WatchListViewModel.swift; sourceTree = "<group>"; };
		C5CF17C72C4E2FC30043446A /* WatchListCell.swift */ = {isa = PBXFileReference; lastKnownFileType = sourcecode.swift; path = WatchListCell.swift; sourceTree = "<group>"; };
		C5CF17CA2C4E30300043446A /* FavoriteMovieRepositoryImpl.swift */ = {isa = PBXFileReference; lastKnownFileType = sourcecode.swift; path = FavoriteMovieRepositoryImpl.swift; sourceTree = "<group>"; };
		C5CF17CC2C4F00B10043446A /* HomeViewModelTests.swift */ = {isa = PBXFileReference; lastKnownFileType = sourcecode.swift; path = HomeViewModelTests.swift; sourceTree = "<group>"; };
		C5CF17CE2C4F010F0043446A /* HomeViewControllerTests.swift */ = {isa = PBXFileReference; lastKnownFileType = sourcecode.swift; path = HomeViewControllerTests.swift; sourceTree = "<group>"; };
		C5CF17D02C4F01630043446A /* HomeViewUITests.swift */ = {isa = PBXFileReference; lastKnownFileType = sourcecode.swift; path = HomeViewUITests.swift; sourceTree = "<group>"; };
		C5CF17D22C4F01B20043446A /* HomeMovieRepositoryMock.swift */ = {isa = PBXFileReference; lastKnownFileType = sourcecode.swift; path = HomeMovieRepositoryMock.swift; sourceTree = "<group>"; };
		C5CF17D42C4F02560043446A /* HomeViewCoordinatorMock.swift */ = {isa = PBXFileReference; lastKnownFileType = sourcecode.swift; path = HomeViewCoordinatorMock.swift; sourceTree = "<group>"; };
		C5CF17D62C4F03950043446A /* HomeViewControllerFactoryMock.swift */ = {isa = PBXFileReference; lastKnownFileType = sourcecode.swift; path = HomeViewControllerFactoryMock.swift; sourceTree = "<group>"; };
/* End PBXFileReference section */

/* Begin PBXFrameworksBuildPhase section */
		C575B97F2C4C274B00BC1AE5 /* Frameworks */ = {
			isa = PBXFrameworksBuildPhase;
			buildActionMask = 2147483647;
			files = (
			);
			runOnlyForDeploymentPostprocessing = 0;
		};
		C575B9952C4C274C00BC1AE5 /* Frameworks */ = {
			isa = PBXFrameworksBuildPhase;
			buildActionMask = 2147483647;
			files = (
			);
			runOnlyForDeploymentPostprocessing = 0;
		};
		C575B99F2C4C274C00BC1AE5 /* Frameworks */ = {
			isa = PBXFrameworksBuildPhase;
			buildActionMask = 2147483647;
			files = (
			);
			runOnlyForDeploymentPostprocessing = 0;
		};
/* End PBXFrameworksBuildPhase section */

/* Begin PBXGroup section */
		C575B9792C4C274B00BC1AE5 = {
			isa = PBXGroup;
			children = (
				C575B9842C4C274B00BC1AE5 /* ShowTime */,
				C575B99B2C4C274C00BC1AE5 /* ShowTimeTests */,
				C575B9A52C4C274C00BC1AE5 /* ShowTimeUITests */,
				C575B9832C4C274B00BC1AE5 /* Products */,
			);
			sourceTree = "<group>";
		};
		C575B9832C4C274B00BC1AE5 /* Products */ = {
			isa = PBXGroup;
			children = (
				C575B9822C4C274B00BC1AE5 /* ShowTime.app */,
				C575B9982C4C274C00BC1AE5 /* ShowTimeTests.xctest */,
				C575B9A22C4C274C00BC1AE5 /* ShowTimeUITests.xctest */,
			);
			name = Products;
			sourceTree = "<group>";
		};
		C575B9842C4C274B00BC1AE5 /* ShowTime */ = {
			isa = PBXGroup;
			children = (
				C5CF17A22C4DDF640043446A /* TabBar */,
				C575B9CC2C4D963F00BC1AE5 /* DetailMovie */,
				C575B9B62C4CD3C600BC1AE5 /* WatchList */,
				C575B9B52C4CD33600BC1AE5 /* Home */,
				C575B9852C4C274B00BC1AE5 /* AppDelegate.swift */,
				C575B9872C4C274B00BC1AE5 /* SceneDelegate.swift */,
				C575B98E2C4C274C00BC1AE5 /* Assets.xcassets */,
				C575B9902C4C274C00BC1AE5 /* LaunchScreen.storyboard */,
				C575B9932C4C274C00BC1AE5 /* Info.plist */,
				C575B9EE2C4DCD3600BC1AE5 /* Config.plist */,
				C575B9F02C4DCEE300BC1AE5 /* Config.swift */,
			);
			path = ShowTime;
			sourceTree = "<group>";
		};
		C575B99B2C4C274C00BC1AE5 /* ShowTimeTests */ = {
			isa = PBXGroup;
			children = (
				C575B99C2C4C274C00BC1AE5 /* ShowTimeTests.swift */,
				C5CF17CC2C4F00B10043446A /* HomeViewModelTests.swift */,
				C5CF17CE2C4F010F0043446A /* HomeViewControllerTests.swift */,
				C5CF17D02C4F01630043446A /* HomeViewUITests.swift */,
				C5CF17D22C4F01B20043446A /* HomeMovieRepositoryMock.swift */,
				C5CF17D42C4F02560043446A /* HomeViewCoordinatorMock.swift */,
				C5CF17D62C4F03950043446A /* HomeViewControllerFactoryMock.swift */,
			);
			path = ShowTimeTests;
			sourceTree = "<group>";
		};
		C575B9A52C4C274C00BC1AE5 /* ShowTimeUITests */ = {
			isa = PBXGroup;
			children = (
				C575B9A62C4C274C00BC1AE5 /* ShowTimeUITests.swift */,
				C575B9A82C4C274C00BC1AE5 /* ShowTimeUITestsLaunchTests.swift */,
			);
			path = ShowTimeUITests;
			sourceTree = "<group>";
		};
		C575B9B52C4CD33600BC1AE5 /* Home */ = {
			isa = PBXGroup;
			children = (
				C575B9B72C4CD3DD00BC1AE5 /* Composition */,
				C575B9B82C4CD3E800BC1AE5 /* Scenes */,
			);
			path = Home;
			sourceTree = "<group>";
		};
		C575B9B62C4CD3C600BC1AE5 /* WatchList */ = {
			isa = PBXGroup;
			children = (
				C5CF17BE2C4E2EE70043446A /* Scenes */,
				C5CF17BD2C4E2EDD0043446A /* Composition */,
			);
			path = WatchList;
			sourceTree = "<group>";
		};
		C575B9B72C4CD3DD00BC1AE5 /* Composition */ = {
			isa = PBXGroup;
			children = (
				C575B9C32C4D841500BC1AE5 /* Coordinator */,
				C575B9C22C4D840400BC1AE5 /* Factories */,
			);
			path = Composition;
			sourceTree = "<group>";
		};
		C575B9B82C4CD3E800BC1AE5 /* Scenes */ = {
			isa = PBXGroup;
			children = (
				C575B9D62C4D9A7700BC1AE5 /* Data */,
				C575B9C82C4D946000BC1AE5 /* Domain */,
				C575B9B92C4CD3FC00BC1AE5 /* Presentation */,
			);
			path = Scenes;
			sourceTree = "<group>";
		};
		C575B9B92C4CD3FC00BC1AE5 /* Presentation */ = {
			isa = PBXGroup;
			children = (
				C575B9D02C4D97D800BC1AE5 /* MovieCell */,
				C575B9BD2C4CD44100BC1AE5 /* ViewModel */,
				C575B9BA2C4CD40700BC1AE5 /* View */,
			);
			path = Presentation;
			sourceTree = "<group>";
		};
		C575B9BA2C4CD40700BC1AE5 /* View */ = {
			isa = PBXGroup;
			children = (
				C575B9BB2C4CD43B00BC1AE5 /* HomeView.swift */,
			);
			path = View;
			sourceTree = "<group>";
		};
		C575B9BD2C4CD44100BC1AE5 /* ViewModel */ = {
			isa = PBXGroup;
			children = (
				C575B9BE2C4CD45900BC1AE5 /* HomeViewModel.swift */,
			);
			path = ViewModel;
			sourceTree = "<group>";
		};
		C575B9C22C4D840400BC1AE5 /* Factories */ = {
			isa = PBXGroup;
			children = (
				C575B9C62C4D847200BC1AE5 /* HomeViewFactoryImplementation.swift */,
			);
			path = Factories;
			sourceTree = "<group>";
		};
		C575B9C32C4D841500BC1AE5 /* Coordinator */ = {
			isa = PBXGroup;
			children = (
				C575B9C42C4D845E00BC1AE5 /* HomeViewCoordinator.swift */,
			);
			path = Coordinator;
			sourceTree = "<group>";
		};
		C575B9C82C4D946000BC1AE5 /* Domain */ = {
			isa = PBXGroup;
			children = (
				C575B9D52C4D994900BC1AE5 /* UseCases */,
				C575B9D42C4D994200BC1AE5 /* Repository */,
				C575B9C92C4D948C00BC1AE5 /* Model */,
			);
			path = Domain;
			sourceTree = "<group>";
		};
		C575B9C92C4D948C00BC1AE5 /* Model */ = {
			isa = PBXGroup;
			children = (
				C575B9CA2C4D949F00BC1AE5 /* HomeModel.swift */,
			);
			path = Model;
			sourceTree = "<group>";
		};
		C575B9CC2C4D963F00BC1AE5 /* DetailMovie */ = {
			isa = PBXGroup;
			children = (
				C575B9CD2C4D964D00BC1AE5 /* Composition */,
				C575B9DF2C4DA71300BC1AE5 /* Scenes */,
			);
			path = DetailMovie;
			sourceTree = "<group>";
		};
		C575B9CD2C4D964D00BC1AE5 /* Composition */ = {
			isa = PBXGroup;
			children = (
				C575B9E82C4DB18100BC1AE5 /* Coordinator */,
				C575B9E92C4DB19100BC1AE5 /* Factories */,
			);
			path = Composition;
			sourceTree = "<group>";
		};
		C575B9CE2C4D965500BC1AE5 /* Presentation */ = {
			isa = PBXGroup;
			children = (
				C575B9E22C4DA73A00BC1AE5 /* View */,
				C575B9E32C4DA74500BC1AE5 /* ViewModel */,
			);
			path = Presentation;
			sourceTree = "<group>";
		};
		C575B9D02C4D97D800BC1AE5 /* MovieCell */ = {
			isa = PBXGroup;
			children = (
				C575B9D22C4D98E100BC1AE5 /* MovieCell.swift */,
				C575B9E62C4DAA1800BC1AE5 /* ImageCache.swift */,
			);
			path = MovieCell;
			sourceTree = "<group>";
		};
		C575B9D42C4D994200BC1AE5 /* Repository */ = {
			isa = PBXGroup;
			children = (
				C575B9DA2C4D9BCF00BC1AE5 /* HomeMovieRepository.swift */,
			);
			path = Repository;
			sourceTree = "<group>";
		};
		C575B9D52C4D994900BC1AE5 /* UseCases */ = {
			isa = PBXGroup;
			children = (
				C575B9DC2C4D9C9500BC1AE5 /* HomeMovieUseCase.swift */,
			);
			path = UseCases;
			sourceTree = "<group>";
		};
		C575B9D62C4D9A7700BC1AE5 /* Data */ = {
			isa = PBXGroup;
			children = (
				C575B9D72C4D9B0300BC1AE5 /* RepositoryImplementation */,
			);
			path = Data;
			sourceTree = "<group>";
		};
		C575B9D72C4D9B0300BC1AE5 /* RepositoryImplementation */ = {
			isa = PBXGroup;
			children = (
				C575B9D82C4D9B6900BC1AE5 /* HomeMovieRepositoryImp.swift */,
			);
			path = RepositoryImplementation;
			sourceTree = "<group>";
		};
		C575B9DF2C4DA71300BC1AE5 /* Scenes */ = {
			isa = PBXGroup;
			children = (
				C5CF17B72C4E2B800043446A /* Data */,
				C575B9CE2C4D965500BC1AE5 /* Presentation */,
			);
			path = Scenes;
			sourceTree = "<group>";
		};
		C575B9E22C4DA73A00BC1AE5 /* View */ = {
			isa = PBXGroup;
			children = (
				C575B9E02C4DA73000BC1AE5 /* DetailMovieView.swift */,
			);
			path = View;
			sourceTree = "<group>";
		};
		C575B9E32C4DA74500BC1AE5 /* ViewModel */ = {
			isa = PBXGroup;
			children = (
				C575B9E42C4DA75B00BC1AE5 /* DetailMovieViewModel.swift */,
			);
			path = ViewModel;
			sourceTree = "<group>";
		};
		C575B9E82C4DB18100BC1AE5 /* Coordinator */ = {
			isa = PBXGroup;
			children = (
				C575B9EC2C4DB23000BC1AE5 /* DetailMovieCoordinator.swift */,
			);
			path = Coordinator;
			sourceTree = "<group>";
		};
		C575B9E92C4DB19100BC1AE5 /* Factories */ = {
			isa = PBXGroup;
			children = (
				C575B9EA2C4DB1C300BC1AE5 /* DetailMovieFactoryImp.swift */,
			);
			path = Factories;
			sourceTree = "<group>";
		};
		C5CF17A22C4DDF640043446A /* TabBar */ = {
			isa = PBXGroup;
			children = (
				C5CF17AB2C4E1B710043446A /* Composition */,
				C5CF17AA2C4E1B680043446A /* Scenes */,
			);
			path = TabBar;
			sourceTree = "<group>";
		};
		C5CF17A32C4DDF800043446A /* View */ = {
			isa = PBXGroup;
			children = (
				C5CF17A42C4DE0400043446A /* ShowTimeMainTabBarView.swift */,
			);
			path = View;
			sourceTree = "<group>";
		};
		C5CF17A62C4DE06C0043446A /* ViewModel */ = {
			isa = PBXGroup;
			children = (
				C5CF17A72C4DE0900043446A /* ShowTimeMainTabBarViewModel.swift */,
			);
			path = ViewModel;
			sourceTree = "<group>";
		};
		C5CF17A92C4E1B590043446A /* Presentation */ = {
			isa = PBXGroup;
			children = (
				C5CF17A62C4DE06C0043446A /* ViewModel */,
				C5CF17A32C4DDF800043446A /* View */,
			);
			path = Presentation;
			sourceTree = "<group>";
		};
		C5CF17AA2C4E1B680043446A /* Scenes */ = {
			isa = PBXGroup;
			children = (
				C5CF17A92C4E1B590043446A /* Presentation */,
			);
			path = Scenes;
			sourceTree = "<group>";
		};
		C5CF17AB2C4E1B710043446A /* Composition */ = {
			isa = PBXGroup;
			children = (
				C5CF17AD2C4E1B820043446A /* Factories */,
				C5CF17AC2C4E1B7B0043446A /* Coordinator */,
			);
			path = Composition;
			sourceTree = "<group>";
		};
		C5CF17AC2C4E1B7B0043446A /* Coordinator */ = {
			isa = PBXGroup;
			children = (
				C5CF17B42C4E1D9F0043446A /* ShowTimeMainTabBarViewCoordinator.swift */,
			);
			path = Coordinator;
			sourceTree = "<group>";
		};
		C5CF17AD2C4E1B820043446A /* Factories */ = {
			isa = PBXGroup;
			children = (
				C5CF17B22C4E1D870043446A /* ShowTimeMainTabBarViewControllerFactory.swift */,
			);
			path = Factories;
			sourceTree = "<group>";
		};
		C5CF17B72C4E2B800043446A /* Data */ = {
			isa = PBXGroup;
			children = (
				C5CF17B82C4E2BED0043446A /* MovieModel.xcdatamodeld */,
				C5CF17BB2C4E2D470043446A /* CoreDataManager.swift */,
			);
			path = Data;
			sourceTree = "<group>";
		};
		C5CF17BD2C4E2EDD0043446A /* Composition */ = {
			isa = PBXGroup;
			children = (
				C5CF17C92C4E30230043446A /* Factories */,
			);
			path = Composition;
			sourceTree = "<group>";
		};
		C5CF17BE2C4E2EE70043446A /* Scenes */ = {
			isa = PBXGroup;
			children = (
				C5CF17BF2C4E2EEF0043446A /* Presentation */,
			);
			path = Scenes;
			sourceTree = "<group>";
		};
		C5CF17BF2C4E2EEF0043446A /* Presentation */ = {
			isa = PBXGroup;
			children = (
				C5CF17C62C4E2FA60043446A /* WatchCell */,
				C5CF17C12C4E2F000043446A /* ViewModel */,
				C5CF17C02C4E2EFB0043446A /* View */,
			);
			path = Presentation;
			sourceTree = "<group>";
		};
		C5CF17C02C4E2EFB0043446A /* View */ = {
			isa = PBXGroup;
			children = (
				C5CF17C22C4E2F270043446A /* WatchListView.swift */,
			);
			path = View;
			sourceTree = "<group>";
		};
		C5CF17C12C4E2F000043446A /* ViewModel */ = {
			isa = PBXGroup;
			children = (
				C5CF17C42C4E2F380043446A /* WatchListViewModel.swift */,
			);
			path = ViewModel;
			sourceTree = "<group>";
		};
		C5CF17C62C4E2FA60043446A /* WatchCell */ = {
			isa = PBXGroup;
			children = (
				C5CF17C72C4E2FC30043446A /* WatchListCell.swift */,
			);
			path = WatchCell;
			sourceTree = "<group>";
		};
		C5CF17C92C4E30230043446A /* Factories */ = {
			isa = PBXGroup;
			children = (
				C5CF17CA2C4E30300043446A /* FavoriteMovieRepositoryImpl.swift */,
			);
			path = Factories;
			sourceTree = "<group>";
		};
/* End PBXGroup section */

/* Begin PBXNativeTarget section */
		C575B9812C4C274B00BC1AE5 /* ShowTime */ = {
			isa = PBXNativeTarget;
			buildConfigurationList = C575B9AC2C4C274C00BC1AE5 /* Build configuration list for PBXNativeTarget "ShowTime" */;
			buildPhases = (
				C575B97E2C4C274B00BC1AE5 /* Sources */,
				C575B97F2C4C274B00BC1AE5 /* Frameworks */,
				C575B9802C4C274B00BC1AE5 /* Resources */,
			);
			buildRules = (
			);
			dependencies = (
			);
			name = ShowTime;
			productName = ShowTime;
			productReference = C575B9822C4C274B00BC1AE5 /* ShowTime.app */;
			productType = "com.apple.product-type.application";
		};
		C575B9972C4C274C00BC1AE5 /* ShowTimeTests */ = {
			isa = PBXNativeTarget;
			buildConfigurationList = C575B9AF2C4C274C00BC1AE5 /* Build configuration list for PBXNativeTarget "ShowTimeTests" */;
			buildPhases = (
				C575B9942C4C274C00BC1AE5 /* Sources */,
				C575B9952C4C274C00BC1AE5 /* Frameworks */,
				C575B9962C4C274C00BC1AE5 /* Resources */,
			);
			buildRules = (
			);
			dependencies = (
				C575B99A2C4C274C00BC1AE5 /* PBXTargetDependency */,
			);
			name = ShowTimeTests;
			productName = ShowTimeTests;
			productReference = C575B9982C4C274C00BC1AE5 /* ShowTimeTests.xctest */;
			productType = "com.apple.product-type.bundle.unit-test";
		};
		C575B9A12C4C274C00BC1AE5 /* ShowTimeUITests */ = {
			isa = PBXNativeTarget;
			buildConfigurationList = C575B9B22C4C274C00BC1AE5 /* Build configuration list for PBXNativeTarget "ShowTimeUITests" */;
			buildPhases = (
				C575B99E2C4C274C00BC1AE5 /* Sources */,
				C575B99F2C4C274C00BC1AE5 /* Frameworks */,
				C575B9A02C4C274C00BC1AE5 /* Resources */,
			);
			buildRules = (
			);
			dependencies = (
				C575B9A42C4C274C00BC1AE5 /* PBXTargetDependency */,
			);
			name = ShowTimeUITests;
			productName = ShowTimeUITests;
			productReference = C575B9A22C4C274C00BC1AE5 /* ShowTimeUITests.xctest */;
			productType = "com.apple.product-type.bundle.ui-testing";
		};
/* End PBXNativeTarget section */

/* Begin PBXProject section */
		C575B97A2C4C274B00BC1AE5 /* Project object */ = {
			isa = PBXProject;
			attributes = {
				BuildIndependentTargetsInParallel = 1;
				LastSwiftUpdateCheck = 1540;
				LastUpgradeCheck = 1540;
				TargetAttributes = {
					C575B9812C4C274B00BC1AE5 = {
						CreatedOnToolsVersion = 15.4;
					};
					C575B9972C4C274C00BC1AE5 = {
						CreatedOnToolsVersion = 15.4;
						TestTargetID = C575B9812C4C274B00BC1AE5;
					};
					C575B9A12C4C274C00BC1AE5 = {
						CreatedOnToolsVersion = 15.4;
						TestTargetID = C575B9812C4C274B00BC1AE5;
					};
				};
			};
			buildConfigurationList = C575B97D2C4C274B00BC1AE5 /* Build configuration list for PBXProject "ShowTime" */;
			compatibilityVersion = "Xcode 14.0";
			developmentRegion = en;
			hasScannedForEncodings = 0;
			knownRegions = (
				en,
				Base,
			);
			mainGroup = C575B9792C4C274B00BC1AE5;
			productRefGroup = C575B9832C4C274B00BC1AE5 /* Products */;
			projectDirPath = "";
			projectRoot = "";
			targets = (
				C575B9812C4C274B00BC1AE5 /* ShowTime */,
				C575B9972C4C274C00BC1AE5 /* ShowTimeTests */,
				C575B9A12C4C274C00BC1AE5 /* ShowTimeUITests */,
			);
		};
/* End PBXProject section */

/* Begin PBXResourcesBuildPhase section */
		C575B9802C4C274B00BC1AE5 /* Resources */ = {
			isa = PBXResourcesBuildPhase;
			buildActionMask = 2147483647;
			files = (
				C575B98F2C4C274C00BC1AE5 /* Assets.xcassets in Resources */,
				C575B9EF2C4DCD3600BC1AE5 /* Config.plist in Resources */,
				C575B9922C4C274C00BC1AE5 /* Base in Resources */,
			);
			runOnlyForDeploymentPostprocessing = 0;
		};
		C575B9962C4C274C00BC1AE5 /* Resources */ = {
			isa = PBXResourcesBuildPhase;
			buildActionMask = 2147483647;
			files = (
			);
			runOnlyForDeploymentPostprocessing = 0;
		};
		C575B9A02C4C274C00BC1AE5 /* Resources */ = {
			isa = PBXResourcesBuildPhase;
			buildActionMask = 2147483647;
			files = (
			);
			runOnlyForDeploymentPostprocessing = 0;
		};
/* End PBXResourcesBuildPhase section */

/* Begin PBXSourcesBuildPhase section */
		C575B97E2C4C274B00BC1AE5 /* Sources */ = {
			isa = PBXSourcesBuildPhase;
			buildActionMask = 2147483647;
			files = (
				C575B9C52C4D845E00BC1AE5 /* HomeViewCoordinator.swift in Sources */,
				C575B9BC2C4CD43B00BC1AE5 /* HomeView.swift in Sources */,
				C5CF17A52C4DE0400043446A /* ShowTimeMainTabBarView.swift in Sources */,
				C575B9D32C4D98E100BC1AE5 /* MovieCell.swift in Sources */,
				C5CF17C32C4E2F270043446A /* WatchListView.swift in Sources */,
				C575B9C72C4D847200BC1AE5 /* HomeViewFactoryImplementation.swift in Sources */,
				C5CF17B52C4E1D9F0043446A /* ShowTimeMainTabBarViewCoordinator.swift in Sources */,
				C575B9F12C4DCEE300BC1AE5 /* Config.swift in Sources */,
				C575B9CB2C4D949F00BC1AE5 /* HomeModel.swift in Sources */,
				C5CF17BC2C4E2D470043446A /* CoreDataManager.swift in Sources */,
				C575B9862C4C274B00BC1AE5 /* AppDelegate.swift in Sources */,
				C5CF17C82C4E2FC30043446A /* WatchListCell.swift in Sources */,
				C5CF17B32C4E1D870043446A /* ShowTimeMainTabBarViewControllerFactory.swift in Sources */,
				C575B9E12C4DA73000BC1AE5 /* DetailMovieView.swift in Sources */,
				C5CF17C52C4E2F380043446A /* WatchListViewModel.swift in Sources */,
				C575B9DB2C4D9BCF00BC1AE5 /* HomeMovieRepository.swift in Sources */,
				C575B9882C4C274B00BC1AE5 /* SceneDelegate.swift in Sources */,
				C575B9EB2C4DB1C300BC1AE5 /* DetailMovieFactoryImp.swift in Sources */,
				C575B9E52C4DA75B00BC1AE5 /* DetailMovieViewModel.swift in Sources */,
				C575B9D92C4D9B6900BC1AE5 /* HomeMovieRepositoryImp.swift in Sources */,
				C575B9DD2C4D9C9500BC1AE5 /* HomeMovieUseCase.swift in Sources */,
				C575B9E72C4DAA1800BC1AE5 /* ImageCache.swift in Sources */,
				C5CF17CB2C4E30300043446A /* FavoriteMovieRepositoryImpl.swift in Sources */,
				C5CF17A82C4DE0900043446A /* ShowTimeMainTabBarViewModel.swift in Sources */,
				C575B9ED2C4DB23000BC1AE5 /* DetailMovieCoordinator.swift in Sources */,
				C5CF17BA2C4E2BED0043446A /* MovieModel.xcdatamodeld in Sources */,
				C575B9BF2C4CD45900BC1AE5 /* HomeViewModel.swift in Sources */,
			);
			runOnlyForDeploymentPostprocessing = 0;
		};
		C575B9942C4C274C00BC1AE5 /* Sources */ = {
			isa = PBXSourcesBuildPhase;
			buildActionMask = 2147483647;
			files = (
				C5CF17D72C4F03950043446A /* HomeViewControllerFactoryMock.swift in Sources */,
				C575B99D2C4C274C00BC1AE5 /* ShowTimeTests.swift in Sources */,
				C5CF17D32C4F01B20043446A /* HomeMovieRepositoryMock.swift in Sources */,
				C5CF17D52C4F02560043446A /* HomeViewCoordinatorMock.swift in Sources */,
				C575B9C02C4CD45F00BC1AE5 /* HomeViewModel.swift in Sources */,
				C5CF17CD2C4F00B10043446A /* HomeViewModelTests.swift in Sources */,
				C5CF17D12C4F01630043446A /* HomeViewUITests.swift in Sources */,
				C5CF17CF2C4F010F0043446A /* HomeViewControllerTests.swift in Sources */,
			);
			runOnlyForDeploymentPostprocessing = 0;
		};
		C575B99E2C4C274C00BC1AE5 /* Sources */ = {
			isa = PBXSourcesBuildPhase;
			buildActionMask = 2147483647;
			files = (
				C575B9A92C4C274C00BC1AE5 /* ShowTimeUITestsLaunchTests.swift in Sources */,
				C575B9A72C4C274C00BC1AE5 /* ShowTimeUITests.swift in Sources */,
			);
			runOnlyForDeploymentPostprocessing = 0;
		};
/* End PBXSourcesBuildPhase section */

/* Begin PBXTargetDependency section */
		C575B99A2C4C274C00BC1AE5 /* PBXTargetDependency */ = {
			isa = PBXTargetDependency;
			target = C575B9812C4C274B00BC1AE5 /* ShowTime */;
			targetProxy = C575B9992C4C274C00BC1AE5 /* PBXContainerItemProxy */;
		};
		C575B9A42C4C274C00BC1AE5 /* PBXTargetDependency */ = {
			isa = PBXTargetDependency;
			target = C575B9812C4C274B00BC1AE5 /* ShowTime */;
			targetProxy = C575B9A32C4C274C00BC1AE5 /* PBXContainerItemProxy */;
		};
/* End PBXTargetDependency section */

/* Begin PBXVariantGroup section */
		C575B9902C4C274C00BC1AE5 /* LaunchScreen.storyboard */ = {
			isa = PBXVariantGroup;
			children = (
				C575B9912C4C274C00BC1AE5 /* Base */,
			);
			name = LaunchScreen.storyboard;
			sourceTree = "<group>";
		};
/* End PBXVariantGroup section */

/* Begin XCBuildConfiguration section */
		C575B9AA2C4C274C00BC1AE5 /* Debug */ = {
			isa = XCBuildConfiguration;
			buildSettings = {
				ALWAYS_SEARCH_USER_PATHS = NO;
				ASSETCATALOG_COMPILER_GENERATE_SWIFT_ASSET_SYMBOL_EXTENSIONS = YES;
				CLANG_ANALYZER_NONNULL = YES;
				CLANG_ANALYZER_NUMBER_OBJECT_CONVERSION = YES_AGGRESSIVE;
				CLANG_CXX_LANGUAGE_STANDARD = "gnu++20";
				CLANG_ENABLE_MODULES = YES;
				CLANG_ENABLE_OBJC_ARC = YES;
				CLANG_ENABLE_OBJC_WEAK = YES;
				CLANG_WARN_BLOCK_CAPTURE_AUTORELEASING = YES;
				CLANG_WARN_BOOL_CONVERSION = YES;
				CLANG_WARN_COMMA = YES;
				CLANG_WARN_CONSTANT_CONVERSION = YES;
				CLANG_WARN_DEPRECATED_OBJC_IMPLEMENTATIONS = YES;
				CLANG_WARN_DIRECT_OBJC_ISA_USAGE = YES_ERROR;
				CLANG_WARN_DOCUMENTATION_COMMENTS = YES;
				CLANG_WARN_EMPTY_BODY = YES;
				CLANG_WARN_ENUM_CONVERSION = YES;
				CLANG_WARN_INFINITE_RECURSION = YES;
				CLANG_WARN_INT_CONVERSION = YES;
				CLANG_WARN_NON_LITERAL_NULL_CONVERSION = YES;
				CLANG_WARN_OBJC_IMPLICIT_RETAIN_SELF = YES;
				CLANG_WARN_OBJC_LITERAL_CONVERSION = YES;
				CLANG_WARN_OBJC_ROOT_CLASS = YES_ERROR;
				CLANG_WARN_QUOTED_INCLUDE_IN_FRAMEWORK_HEADER = YES;
				CLANG_WARN_RANGE_LOOP_ANALYSIS = YES;
				CLANG_WARN_STRICT_PROTOTYPES = YES;
				CLANG_WARN_SUSPICIOUS_MOVE = YES;
				CLANG_WARN_UNGUARDED_AVAILABILITY = YES_AGGRESSIVE;
				CLANG_WARN_UNREACHABLE_CODE = YES;
				CLANG_WARN__DUPLICATE_METHOD_MATCH = YES;
				COPY_PHASE_STRIP = NO;
				DEBUG_INFORMATION_FORMAT = dwarf;
				ENABLE_STRICT_OBJC_MSGSEND = YES;
				ENABLE_TESTABILITY = YES;
				ENABLE_USER_SCRIPT_SANDBOXING = YES;
				GCC_C_LANGUAGE_STANDARD = gnu17;
				GCC_DYNAMIC_NO_PIC = NO;
				GCC_NO_COMMON_BLOCKS = YES;
				GCC_OPTIMIZATION_LEVEL = 0;
				GCC_PREPROCESSOR_DEFINITIONS = (
					"DEBUG=1",
					"$(inherited)",
				);
				GCC_WARN_64_TO_32_BIT_CONVERSION = YES;
				GCC_WARN_ABOUT_RETURN_TYPE = YES_ERROR;
				GCC_WARN_UNDECLARED_SELECTOR = YES;
				GCC_WARN_UNINITIALIZED_AUTOS = YES_AGGRESSIVE;
				GCC_WARN_UNUSED_FUNCTION = YES;
				GCC_WARN_UNUSED_VARIABLE = YES;
				IPHONEOS_DEPLOYMENT_TARGET = 17.5;
				LOCALIZATION_PREFERS_STRING_CATALOGS = YES;
				MTL_ENABLE_DEBUG_INFO = INCLUDE_SOURCE;
				MTL_FAST_MATH = YES;
				ONLY_ACTIVE_ARCH = YES;
				SDKROOT = iphoneos;
				SWIFT_ACTIVE_COMPILATION_CONDITIONS = "DEBUG $(inherited)";
				SWIFT_OPTIMIZATION_LEVEL = "-Onone";
			};
			name = Debug;
		};
		C575B9AB2C4C274C00BC1AE5 /* Release */ = {
			isa = XCBuildConfiguration;
			buildSettings = {
				ALWAYS_SEARCH_USER_PATHS = NO;
				ASSETCATALOG_COMPILER_GENERATE_SWIFT_ASSET_SYMBOL_EXTENSIONS = YES;
				CLANG_ANALYZER_NONNULL = YES;
				CLANG_ANALYZER_NUMBER_OBJECT_CONVERSION = YES_AGGRESSIVE;
				CLANG_CXX_LANGUAGE_STANDARD = "gnu++20";
				CLANG_ENABLE_MODULES = YES;
				CLANG_ENABLE_OBJC_ARC = YES;
				CLANG_ENABLE_OBJC_WEAK = YES;
				CLANG_WARN_BLOCK_CAPTURE_AUTORELEASING = YES;
				CLANG_WARN_BOOL_CONVERSION = YES;
				CLANG_WARN_COMMA = YES;
				CLANG_WARN_CONSTANT_CONVERSION = YES;
				CLANG_WARN_DEPRECATED_OBJC_IMPLEMENTATIONS = YES;
				CLANG_WARN_DIRECT_OBJC_ISA_USAGE = YES_ERROR;
				CLANG_WARN_DOCUMENTATION_COMMENTS = YES;
				CLANG_WARN_EMPTY_BODY = YES;
				CLANG_WARN_ENUM_CONVERSION = YES;
				CLANG_WARN_INFINITE_RECURSION = YES;
				CLANG_WARN_INT_CONVERSION = YES;
				CLANG_WARN_NON_LITERAL_NULL_CONVERSION = YES;
				CLANG_WARN_OBJC_IMPLICIT_RETAIN_SELF = YES;
				CLANG_WARN_OBJC_LITERAL_CONVERSION = YES;
				CLANG_WARN_OBJC_ROOT_CLASS = YES_ERROR;
				CLANG_WARN_QUOTED_INCLUDE_IN_FRAMEWORK_HEADER = YES;
				CLANG_WARN_RANGE_LOOP_ANALYSIS = YES;
				CLANG_WARN_STRICT_PROTOTYPES = YES;
				CLANG_WARN_SUSPICIOUS_MOVE = YES;
				CLANG_WARN_UNGUARDED_AVAILABILITY = YES_AGGRESSIVE;
				CLANG_WARN_UNREACHABLE_CODE = YES;
				CLANG_WARN__DUPLICATE_METHOD_MATCH = YES;
				COPY_PHASE_STRIP = NO;
				DEBUG_INFORMATION_FORMAT = "dwarf-with-dsym";
				ENABLE_NS_ASSERTIONS = NO;
				ENABLE_STRICT_OBJC_MSGSEND = YES;
				ENABLE_USER_SCRIPT_SANDBOXING = YES;
				GCC_C_LANGUAGE_STANDARD = gnu17;
				GCC_NO_COMMON_BLOCKS = YES;
				GCC_WARN_64_TO_32_BIT_CONVERSION = YES;
				GCC_WARN_ABOUT_RETURN_TYPE = YES_ERROR;
				GCC_WARN_UNDECLARED_SELECTOR = YES;
				GCC_WARN_UNINITIALIZED_AUTOS = YES_AGGRESSIVE;
				GCC_WARN_UNUSED_FUNCTION = YES;
				GCC_WARN_UNUSED_VARIABLE = YES;
				IPHONEOS_DEPLOYMENT_TARGET = 17.5;
				LOCALIZATION_PREFERS_STRING_CATALOGS = YES;
				MTL_ENABLE_DEBUG_INFO = NO;
				MTL_FAST_MATH = YES;
				SDKROOT = iphoneos;
				SWIFT_COMPILATION_MODE = wholemodule;
				VALIDATE_PRODUCT = YES;
			};
			name = Release;
		};
		C575B9AD2C4C274C00BC1AE5 /* Debug */ = {
			isa = XCBuildConfiguration;
			buildSettings = {
				ASSETCATALOG_COMPILER_APPICON_NAME = AppIcon;
				ASSETCATALOG_COMPILER_GLOBAL_ACCENT_COLOR_NAME = AccentColor;
				CODE_SIGN_STYLE = Automatic;
				CURRENT_PROJECT_VERSION = 1;
				DEVELOPMENT_TEAM = XV272CGUK8;
				GENERATE_INFOPLIST_FILE = YES;
				INFOPLIST_FILE = ShowTime/Info.plist;
				INFOPLIST_KEY_UIApplicationSupportsIndirectInputEvents = YES;
				INFOPLIST_KEY_UILaunchStoryboardName = LaunchScreen;
				INFOPLIST_KEY_UIMainStoryboardFile = LaunchScreen;
				INFOPLIST_KEY_UISupportedInterfaceOrientations_iPad = "UIInterfaceOrientationPortrait UIInterfaceOrientationPortraitUpsideDown UIInterfaceOrientationLandscapeLeft UIInterfaceOrientationLandscapeRight";
				INFOPLIST_KEY_UISupportedInterfaceOrientations_iPhone = "UIInterfaceOrientationPortrait UIInterfaceOrientationLandscapeLeft UIInterfaceOrientationLandscapeRight";
				LD_RUNPATH_SEARCH_PATHS = (
					"$(inherited)",
					"@executable_path/Frameworks",
				);
				MARKETING_VERSION = 1.0;
				PRODUCT_BUNDLE_IDENTIFIER = com.kueski.ShowTime;
				PRODUCT_NAME = "$(TARGET_NAME)";
				SWIFT_EMIT_LOC_STRINGS = YES;
				SWIFT_VERSION = 5.0;
				TARGETED_DEVICE_FAMILY = "1,2";
			};
			name = Debug;
		};
		C575B9AE2C4C274C00BC1AE5 /* Release */ = {
			isa = XCBuildConfiguration;
			buildSettings = {
				ASSETCATALOG_COMPILER_APPICON_NAME = AppIcon;
				ASSETCATALOG_COMPILER_GLOBAL_ACCENT_COLOR_NAME = AccentColor;
				CODE_SIGN_STYLE = Automatic;
				CURRENT_PROJECT_VERSION = 1;
				DEVELOPMENT_TEAM = XV272CGUK8;
				GENERATE_INFOPLIST_FILE = YES;
				INFOPLIST_FILE = ShowTime/Info.plist;
				INFOPLIST_KEY_UIApplicationSupportsIndirectInputEvents = YES;
				INFOPLIST_KEY_UILaunchStoryboardName = LaunchScreen;
				INFOPLIST_KEY_UIMainStoryboardFile = LaunchScreen;
				INFOPLIST_KEY_UISupportedInterfaceOrientations_iPad = "UIInterfaceOrientationPortrait UIInterfaceOrientationPortraitUpsideDown UIInterfaceOrientationLandscapeLeft UIInterfaceOrientationLandscapeRight";
				INFOPLIST_KEY_UISupportedInterfaceOrientations_iPhone = "UIInterfaceOrientationPortrait UIInterfaceOrientationLandscapeLeft UIInterfaceOrientationLandscapeRight";
				LD_RUNPATH_SEARCH_PATHS = (
					"$(inherited)",
					"@executable_path/Frameworks",
				);
				MARKETING_VERSION = 1.0;
				PRODUCT_BUNDLE_IDENTIFIER = com.kueski.ShowTime;
				PRODUCT_NAME = "$(TARGET_NAME)";
				SWIFT_EMIT_LOC_STRINGS = YES;
				SWIFT_VERSION = 5.0;
				TARGETED_DEVICE_FAMILY = "1,2";
			};
			name = Release;
		};
		C575B9B02C4C274C00BC1AE5 /* Debug */ = {
			isa = XCBuildConfiguration;
			buildSettings = {
				ALWAYS_EMBED_SWIFT_STANDARD_LIBRARIES = YES;
				BUNDLE_LOADER = "$(TEST_HOST)";
				CODE_SIGN_STYLE = Automatic;
				CURRENT_PROJECT_VERSION = 1;
				GENERATE_INFOPLIST_FILE = YES;
				IPHONEOS_DEPLOYMENT_TARGET = 17.5;
				MARKETING_VERSION = 1.0;
				PRODUCT_BUNDLE_IDENTIFIER = com.kueski.ShowTimeTests;
				PRODUCT_NAME = "$(TARGET_NAME)";
				SWIFT_EMIT_LOC_STRINGS = NO;
				SWIFT_VERSION = 5.0;
				TARGETED_DEVICE_FAMILY = "1,2";
				TEST_HOST = "$(BUILT_PRODUCTS_DIR)/ShowTime.app/$(BUNDLE_EXECUTABLE_FOLDER_PATH)/ShowTime";
			};
			name = Debug;
		};
		C575B9B12C4C274C00BC1AE5 /* Release */ = {
			isa = XCBuildConfiguration;
			buildSettings = {
				ALWAYS_EMBED_SWIFT_STANDARD_LIBRARIES = YES;
				BUNDLE_LOADER = "$(TEST_HOST)";
				CODE_SIGN_STYLE = Automatic;
				CURRENT_PROJECT_VERSION = 1;
				GENERATE_INFOPLIST_FILE = YES;
				IPHONEOS_DEPLOYMENT_TARGET = 17.5;
				MARKETING_VERSION = 1.0;
				PRODUCT_BUNDLE_IDENTIFIER = com.kueski.ShowTimeTests;
				PRODUCT_NAME = "$(TARGET_NAME)";
				SWIFT_EMIT_LOC_STRINGS = NO;
				SWIFT_VERSION = 5.0;
				TARGETED_DEVICE_FAMILY = "1,2";
				TEST_HOST = "$(BUILT_PRODUCTS_DIR)/ShowTime.app/$(BUNDLE_EXECUTABLE_FOLDER_PATH)/ShowTime";
			};
			name = Release;
		};
		C575B9B32C4C274C00BC1AE5 /* Debug */ = {
			isa = XCBuildConfiguration;
			buildSettings = {
				ALWAYS_EMBED_SWIFT_STANDARD_LIBRARIES = YES;
				CODE_SIGN_STYLE = Automatic;
				CURRENT_PROJECT_VERSION = 1;
				GENERATE_INFOPLIST_FILE = YES;
				MARKETING_VERSION = 1.0;
				PRODUCT_BUNDLE_IDENTIFIER = com.kueski.ShowTimeUITests;
				PRODUCT_NAME = "$(TARGET_NAME)";
				SWIFT_EMIT_LOC_STRINGS = NO;
				SWIFT_VERSION = 5.0;
				TARGETED_DEVICE_FAMILY = "1,2";
				TEST_TARGET_NAME = ShowTime;
			};
			name = Debug;
		};
		C575B9B42C4C274C00BC1AE5 /* Release */ = {
			isa = XCBuildConfiguration;
			buildSettings = {
				ALWAYS_EMBED_SWIFT_STANDARD_LIBRARIES = YES;
				CODE_SIGN_STYLE = Automatic;
				CURRENT_PROJECT_VERSION = 1;
				GENERATE_INFOPLIST_FILE = YES;
				MARKETING_VERSION = 1.0;
				PRODUCT_BUNDLE_IDENTIFIER = com.kueski.ShowTimeUITests;
				PRODUCT_NAME = "$(TARGET_NAME)";
				SWIFT_EMIT_LOC_STRINGS = NO;
				SWIFT_VERSION = 5.0;
				TARGETED_DEVICE_FAMILY = "1,2";
				TEST_TARGET_NAME = ShowTime;
			};
			name = Release;
		};
/* End XCBuildConfiguration section */

/* Begin XCConfigurationList section */
		C575B97D2C4C274B00BC1AE5 /* Build configuration list for PBXProject "ShowTime" */ = {
			isa = XCConfigurationList;
			buildConfigurations = (
				C575B9AA2C4C274C00BC1AE5 /* Debug */,
				C575B9AB2C4C274C00BC1AE5 /* Release */,
			);
			defaultConfigurationIsVisible = 0;
			defaultConfigurationName = Release;
		};
		C575B9AC2C4C274C00BC1AE5 /* Build configuration list for PBXNativeTarget "ShowTime" */ = {
			isa = XCConfigurationList;
			buildConfigurations = (
				C575B9AD2C4C274C00BC1AE5 /* Debug */,
				C575B9AE2C4C274C00BC1AE5 /* Release */,
			);
			defaultConfigurationIsVisible = 0;
			defaultConfigurationName = Release;
		};
		C575B9AF2C4C274C00BC1AE5 /* Build configuration list for PBXNativeTarget "ShowTimeTests" */ = {
			isa = XCConfigurationList;
			buildConfigurations = (
				C575B9B02C4C274C00BC1AE5 /* Debug */,
				C575B9B12C4C274C00BC1AE5 /* Release */,
			);
			defaultConfigurationIsVisible = 0;
			defaultConfigurationName = Release;
		};
		C575B9B22C4C274C00BC1AE5 /* Build configuration list for PBXNativeTarget "ShowTimeUITests" */ = {
			isa = XCConfigurationList;
			buildConfigurations = (
				C575B9B32C4C274C00BC1AE5 /* Debug */,
				C575B9B42C4C274C00BC1AE5 /* Release */,
			);
			defaultConfigurationIsVisible = 0;
			defaultConfigurationName = Release;
		};
/* End XCConfigurationList section */

/* Begin XCVersionGroup section */
		C5CF17B82C4E2BED0043446A /* MovieModel.xcdatamodeld */ = {
			isa = XCVersionGroup;
			children = (
				C5CF17B92C4E2BED0043446A /* MovieModel.xcdatamodel */,
			);
			currentVersion = C5CF17B92C4E2BED0043446A /* MovieModel.xcdatamodel */;
			name = MovieModel.xcdatamodeld;
			path = /Users/maurzac/Documents/IOS/ShowTime/ShowTime/ShowTime/DetailMovie/Scenes/Data/MovieModel.xcdatamodeld;
			sourceTree = "<group>";
			versionGroupType = wrapper.xcdatamodel;
		};
/* End XCVersionGroup section */
	};
	rootObject = C575B97A2C4C274B00BC1AE5 /* Project object */;
}
